// !$*UTF8*$!
{
	archiveVersion = 1;
	classes = {
	};
	objectVersion = 51;
	objects = {

/* Begin PBXBuildFile section */
		6576402C26BF2C2D001C2A09 /* EmptyCell.swift in Sources */ = {isa = PBXBuildFile; fileRef = 6576402B26BF2C2D001C2A09 /* EmptyCell.swift */; };
		6576402E26BF2C3A001C2A09 /* EmptyCell.xib in Resources */ = {isa = PBXBuildFile; fileRef = 6576402D26BF2C3A001C2A09 /* EmptyCell.xib */; };
		658167A326C0D02900AC80B8 /* Alert.swift in Sources */ = {isa = PBXBuildFile; fileRef = 658167A226C0D02900AC80B8 /* Alert.swift */; };
		658167A626C0E4F500AC80B8 /* accountCell.swift in Sources */ = {isa = PBXBuildFile; fileRef = 658167A426C0E4F500AC80B8 /* accountCell.swift */; };
		658167A726C0E4F500AC80B8 /* accountCell.xib in Resources */ = {isa = PBXBuildFile; fileRef = 658167A526C0E4F500AC80B8 /* accountCell.xib */; };
		658167A926C0E66E00AC80B8 /* Account.swift in Sources */ = {isa = PBXBuildFile; fileRef = 658167A826C0E66E00AC80B8 /* Account.swift */; };
		658167AD26C0EBCA00AC80B8 /* AccountController.swift in Sources */ = {isa = PBXBuildFile; fileRef = 658167AC26C0EBCA00AC80B8 /* AccountController.swift */; };
		658167AF26C0ECDD00AC80B8 /* AccountVC.swift in Sources */ = {isa = PBXBuildFile; fileRef = 658167AE26C0ECDD00AC80B8 /* AccountVC.swift */; };
		6588ED6526BC5F05002E32B9 /* AppDelegate.swift in Sources */ = {isa = PBXBuildFile; fileRef = 6588ED6426BC5F05002E32B9 /* AppDelegate.swift */; };
		6588ED6726BC5F05002E32B9 /* SceneDelegate.swift in Sources */ = {isa = PBXBuildFile; fileRef = 6588ED6626BC5F05002E32B9 /* SceneDelegate.swift */; };
		6588ED6926BC5F05002E32B9 /* HomeVC.swift in Sources */ = {isa = PBXBuildFile; fileRef = 6588ED6826BC5F05002E32B9 /* HomeVC.swift */; };
		6588ED6C26BC5F05002E32B9 /* Main.storyboard in Resources */ = {isa = PBXBuildFile; fileRef = 6588ED6A26BC5F05002E32B9 /* Main.storyboard */; };
		6588ED6E26BC5F0A002E32B9 /* Assets.xcassets in Resources */ = {isa = PBXBuildFile; fileRef = 6588ED6D26BC5F0A002E32B9 /* Assets.xcassets */; };
		6588ED7126BC5F0A002E32B9 /* LaunchScreen.storyboard in Resources */ = {isa = PBXBuildFile; fileRef = 6588ED6F26BC5F0A002E32B9 /* LaunchScreen.storyboard */; };
		6588ED7C26BC5F0B002E32B9 /* iPayBFTests.swift in Sources */ = {isa = PBXBuildFile; fileRef = 6588ED7B26BC5F0B002E32B9 /* iPayBFTests.swift */; };
		6588ED8726BC5F0B002E32B9 /* iPayBFUITests.swift in Sources */ = {isa = PBXBuildFile; fileRef = 6588ED8626BC5F0B002E32B9 /* iPayBFUITests.swift */; };
		6588ED9826BC5FC3002E32B9 /* User.swift in Sources */ = {isa = PBXBuildFile; fileRef = 6588ED9726BC5FC3002E32B9 /* User.swift */; };
		6588EDA426BC96CB002E32B9 /* HomeController.swift in Sources */ = {isa = PBXBuildFile; fileRef = 6588EDA326BC96CB002E32B9 /* HomeController.swift */; };
		65AF7EDC26BFA35100C86764 /* Historico.json in Resources */ = {isa = PBXBuildFile; fileRef = 65AF7EDB26BFA35100C86764 /* Historico.json */; };
		65AF7EDE26BFA36200C86764 /* Account.json in Resources */ = {isa = PBXBuildFile; fileRef = 65AF7EDD26BFA36200C86764 /* Account.json */; };
		65AF7EE026BFA3D000C86764 /* Historico.swift in Sources */ = {isa = PBXBuildFile; fileRef = 65AF7EDF26BFA3D000C86764 /* Historico.swift */; };
		65AF7EE226BFA62400C86764 /* HistoricoController.swift in Sources */ = {isa = PBXBuildFile; fileRef = 65AF7EE126BFA62400C86764 /* HistoricoController.swift */; };
		65AF7EE826BFAB0200C86764 /* HistoricoVC.swift in Sources */ = {isa = PBXBuildFile; fileRef = 65AF7EE726BFAB0200C86764 /* HistoricoVC.swift */; };
		65AF7EEB26BFABC500C86764 /* historicoCell.swift in Sources */ = {isa = PBXBuildFile; fileRef = 65AF7EE926BFABC500C86764 /* historicoCell.swift */; };
		65AF7EEC26BFABC500C86764 /* historicoCell.xib in Resources */ = {isa = PBXBuildFile; fileRef = 65AF7EEA26BFABC500C86764 /* historicoCell.xib */; };
		65F5EDAB26BE0A27002593DD /* userCell.swift in Sources */ = {isa = PBXBuildFile; fileRef = 65F5EDAA26BE0A27002593DD /* userCell.swift */; };
		70D0C858C256ECA84BEF6D89 /* Pods_iPayBFTests.framework in Frameworks */ = {isa = PBXBuildFile; fileRef = 590218A328A33BC3866DCEC8 /* Pods_iPayBFTests.framework */; };
		A33E5996F903697F5C477CE9 /* Pods_iPayBF_iPayBFUITests.framework in Frameworks */ = {isa = PBXBuildFile; fileRef = 89D8AAE3EB49F11B5E6D725A /* Pods_iPayBF_iPayBFUITests.framework */; };
		EFF31854505945C4D4CD6D4E /* Pods_iPayBF.framework in Frameworks */ = {isa = PBXBuildFile; fileRef = 02364E770C5666626C245400 /* Pods_iPayBF.framework */; };
/* End PBXBuildFile section */

/* Begin PBXContainerItemProxy section */
		6588ED7826BC5F0B002E32B9 /* PBXContainerItemProxy */ = {
			isa = PBXContainerItemProxy;
			containerPortal = 6588ED5926BC5F05002E32B9 /* Project object */;
			proxyType = 1;
			remoteGlobalIDString = 6588ED6026BC5F05002E32B9;
			remoteInfo = iPayBF;
		};
		6588ED8326BC5F0B002E32B9 /* PBXContainerItemProxy */ = {
			isa = PBXContainerItemProxy;
			containerPortal = 6588ED5926BC5F05002E32B9 /* Project object */;
			proxyType = 1;
			remoteGlobalIDString = 6588ED6026BC5F05002E32B9;
			remoteInfo = iPayBF;
		};
/* End PBXContainerItemProxy section */

/* Begin PBXFileReference section */
		02364E770C5666626C245400 /* Pods_iPayBF.framework */ = {isa = PBXFileReference; explicitFileType = wrapper.framework; includeInIndex = 0; path = Pods_iPayBF.framework; sourceTree = BUILT_PRODUCTS_DIR; };
		05917551265BD7B3EF27F269 /* Pods-iPayBF-iPayBFUITests.debug.xcconfig */ = {isa = PBXFileReference; includeInIndex = 1; lastKnownFileType = text.xcconfig; name = "Pods-iPayBF-iPayBFUITests.debug.xcconfig"; path = "Target Support Files/Pods-iPayBF-iPayBFUITests/Pods-iPayBF-iPayBFUITests.debug.xcconfig"; sourceTree = "<group>"; };
		1AA3AE1741D069424B3445BC /* Pods-iPayBFTests.release.xcconfig */ = {isa = PBXFileReference; includeInIndex = 1; lastKnownFileType = text.xcconfig; name = "Pods-iPayBFTests.release.xcconfig"; path = "Target Support Files/Pods-iPayBFTests/Pods-iPayBFTests.release.xcconfig"; sourceTree = "<group>"; };
		356A0D3215462E95B2391C09 /* Pods-iPayBF.debug.xcconfig */ = {isa = PBXFileReference; includeInIndex = 1; lastKnownFileType = text.xcconfig; name = "Pods-iPayBF.debug.xcconfig"; path = "Target Support Files/Pods-iPayBF/Pods-iPayBF.debug.xcconfig"; sourceTree = "<group>"; };
		3F7E3EEBBF0528AC87D3C96B /* Pods-iPayBFTests.debug.xcconfig */ = {isa = PBXFileReference; includeInIndex = 1; lastKnownFileType = text.xcconfig; name = "Pods-iPayBFTests.debug.xcconfig"; path = "Target Support Files/Pods-iPayBFTests/Pods-iPayBFTests.debug.xcconfig"; sourceTree = "<group>"; };
		419FD2194259FFA7958A12E6 /* Pods-iPayBF-iPayBFUITests.release.xcconfig */ = {isa = PBXFileReference; includeInIndex = 1; lastKnownFileType = text.xcconfig; name = "Pods-iPayBF-iPayBFUITests.release.xcconfig"; path = "Target Support Files/Pods-iPayBF-iPayBFUITests/Pods-iPayBF-iPayBFUITests.release.xcconfig"; sourceTree = "<group>"; };
		590218A328A33BC3866DCEC8 /* Pods_iPayBFTests.framework */ = {isa = PBXFileReference; explicitFileType = wrapper.framework; includeInIndex = 0; path = Pods_iPayBFTests.framework; sourceTree = BUILT_PRODUCTS_DIR; };
		6576402B26BF2C2D001C2A09 /* EmptyCell.swift */ = {isa = PBXFileReference; fileEncoding = 4; lastKnownFileType = sourcecode.swift; path = EmptyCell.swift; sourceTree = "<group>"; };
		6576402D26BF2C3A001C2A09 /* EmptyCell.xib */ = {isa = PBXFileReference; fileEncoding = 4; lastKnownFileType = file.xib; path = EmptyCell.xib; sourceTree = "<group>"; };
		658167A226C0D02900AC80B8 /* Alert.swift */ = {isa = PBXFileReference; lastKnownFileType = sourcecode.swift; path = Alert.swift; sourceTree = "<group>"; };
		658167A426C0E4F500AC80B8 /* accountCell.swift */ = {isa = PBXFileReference; lastKnownFileType = sourcecode.swift; path = accountCell.swift; sourceTree = "<group>"; };
		658167A526C0E4F500AC80B8 /* accountCell.xib */ = {isa = PBXFileReference; lastKnownFileType = file.xib; path = accountCell.xib; sourceTree = "<group>"; };
		658167A826C0E66E00AC80B8 /* Account.swift */ = {isa = PBXFileReference; lastKnownFileType = sourcecode.swift; path = Account.swift; sourceTree = "<group>"; };
		658167AC26C0EBCA00AC80B8 /* AccountController.swift */ = {isa = PBXFileReference; lastKnownFileType = sourcecode.swift; path = AccountController.swift; sourceTree = "<group>"; };
		658167AE26C0ECDD00AC80B8 /* AccountVC.swift */ = {isa = PBXFileReference; lastKnownFileType = sourcecode.swift; path = AccountVC.swift; sourceTree = "<group>"; };
		6588ED6126BC5F05002E32B9 /* iPayBF.app */ = {isa = PBXFileReference; explicitFileType = wrapper.application; includeInIndex = 0; path = iPayBF.app; sourceTree = BUILT_PRODUCTS_DIR; };
		6588ED6426BC5F05002E32B9 /* AppDelegate.swift */ = {isa = PBXFileReference; lastKnownFileType = sourcecode.swift; path = AppDelegate.swift; sourceTree = "<group>"; };
		6588ED6626BC5F05002E32B9 /* SceneDelegate.swift */ = {isa = PBXFileReference; lastKnownFileType = sourcecode.swift; path = SceneDelegate.swift; sourceTree = "<group>"; };
		6588ED6826BC5F05002E32B9 /* HomeVC.swift */ = {isa = PBXFileReference; lastKnownFileType = sourcecode.swift; path = HomeVC.swift; sourceTree = "<group>"; };
		6588ED6B26BC5F05002E32B9 /* Base */ = {isa = PBXFileReference; lastKnownFileType = file.storyboard; name = Base; path = Base.lproj/Main.storyboard; sourceTree = "<group>"; };
		6588ED6D26BC5F0A002E32B9 /* Assets.xcassets */ = {isa = PBXFileReference; lastKnownFileType = folder.assetcatalog; path = Assets.xcassets; sourceTree = "<group>"; };
		6588ED7026BC5F0A002E32B9 /* Base */ = {isa = PBXFileReference; lastKnownFileType = file.storyboard; name = Base; path = Base.lproj/LaunchScreen.storyboard; sourceTree = "<group>"; };
		6588ED7226BC5F0A002E32B9 /* Info.plist */ = {isa = PBXFileReference; lastKnownFileType = text.plist.xml; path = Info.plist; sourceTree = "<group>"; };
		6588ED7726BC5F0B002E32B9 /* iPayBFTests.xctest */ = {isa = PBXFileReference; explicitFileType = wrapper.cfbundle; includeInIndex = 0; path = iPayBFTests.xctest; sourceTree = BUILT_PRODUCTS_DIR; };
		6588ED7B26BC5F0B002E32B9 /* iPayBFTests.swift */ = {isa = PBXFileReference; lastKnownFileType = sourcecode.swift; path = iPayBFTests.swift; sourceTree = "<group>"; };
		6588ED7D26BC5F0B002E32B9 /* Info.plist */ = {isa = PBXFileReference; lastKnownFileType = text.plist.xml; path = Info.plist; sourceTree = "<group>"; };
		6588ED8226BC5F0B002E32B9 /* iPayBFUITests.xctest */ = {isa = PBXFileReference; explicitFileType = wrapper.cfbundle; includeInIndex = 0; path = iPayBFUITests.xctest; sourceTree = BUILT_PRODUCTS_DIR; };
		6588ED8626BC5F0B002E32B9 /* iPayBFUITests.swift */ = {isa = PBXFileReference; lastKnownFileType = sourcecode.swift; path = iPayBFUITests.swift; sourceTree = "<group>"; };
		6588ED8826BC5F0B002E32B9 /* Info.plist */ = {isa = PBXFileReference; lastKnownFileType = text.plist.xml; path = Info.plist; sourceTree = "<group>"; };
		6588ED9726BC5FC3002E32B9 /* User.swift */ = {isa = PBXFileReference; lastKnownFileType = sourcecode.swift; path = User.swift; sourceTree = "<group>"; };
		6588EDA326BC96CB002E32B9 /* HomeController.swift */ = {isa = PBXFileReference; lastKnownFileType = sourcecode.swift; path = HomeController.swift; sourceTree = "<group>"; };
		65AF7EDB26BFA35100C86764 /* Historico.json */ = {isa = PBXFileReference; fileEncoding = 4; lastKnownFileType = text.json; path = Historico.json; sourceTree = "<group>"; };
		65AF7EDD26BFA36200C86764 /* Account.json */ = {isa = PBXFileReference; fileEncoding = 4; lastKnownFileType = text.json; path = Account.json; sourceTree = "<group>"; };
		65AF7EDF26BFA3D000C86764 /* Historico.swift */ = {isa = PBXFileReference; lastKnownFileType = sourcecode.swift; path = Historico.swift; sourceTree = "<group>"; };
		65AF7EE126BFA62400C86764 /* HistoricoController.swift */ = {isa = PBXFileReference; lastKnownFileType = sourcecode.swift; path = HistoricoController.swift; sourceTree = "<group>"; };
		65AF7EE726BFAB0200C86764 /* HistoricoVC.swift */ = {isa = PBXFileReference; lastKnownFileType = sourcecode.swift; path = HistoricoVC.swift; sourceTree = "<group>"; };
		65AF7EE926BFABC500C86764 /* historicoCell.swift */ = {isa = PBXFileReference; lastKnownFileType = sourcecode.swift; path = historicoCell.swift; sourceTree = "<group>"; };
		65AF7EEA26BFABC500C86764 /* historicoCell.xib */ = {isa = PBXFileReference; lastKnownFileType = file.xib; path = historicoCell.xib; sourceTree = "<group>"; };
		65F5EDAA26BE0A27002593DD /* userCell.swift */ = {isa = PBXFileReference; lastKnownFileType = sourcecode.swift; path = userCell.swift; sourceTree = "<group>"; };
		89D8AAE3EB49F11B5E6D725A /* Pods_iPayBF_iPayBFUITests.framework */ = {isa = PBXFileReference; explicitFileType = wrapper.framework; includeInIndex = 0; path = Pods_iPayBF_iPayBFUITests.framework; sourceTree = BUILT_PRODUCTS_DIR; };
		FC9DF41E382C5C9C8F6EAD8E /* Pods-iPayBF.release.xcconfig */ = {isa = PBXFileReference; includeInIndex = 1; lastKnownFileType = text.xcconfig; name = "Pods-iPayBF.release.xcconfig"; path = "Target Support Files/Pods-iPayBF/Pods-iPayBF.release.xcconfig"; sourceTree = "<group>"; };
/* End PBXFileReference section */

/* Begin PBXFrameworksBuildPhase section */
		6588ED5E26BC5F05002E32B9 /* Frameworks */ = {
			isa = PBXFrameworksBuildPhase;
			buildActionMask = 2147483647;
			files = (
				EFF31854505945C4D4CD6D4E /* Pods_iPayBF.framework in Frameworks */,
			);
			runOnlyForDeploymentPostprocessing = 0;
		};
		6588ED7426BC5F0B002E32B9 /* Frameworks */ = {
			isa = PBXFrameworksBuildPhase;
			buildActionMask = 2147483647;
			files = (
				70D0C858C256ECA84BEF6D89 /* Pods_iPayBFTests.framework in Frameworks */,
			);
			runOnlyForDeploymentPostprocessing = 0;
		};
		6588ED7F26BC5F0B002E32B9 /* Frameworks */ = {
			isa = PBXFrameworksBuildPhase;
			buildActionMask = 2147483647;
			files = (
				A33E5996F903697F5C477CE9 /* Pods_iPayBF_iPayBFUITests.framework in Frameworks */,
			);
			runOnlyForDeploymentPostprocessing = 0;
		};
/* End PBXFrameworksBuildPhase section */

/* Begin PBXGroup section */
		1A6CCD55B382E5C01988ED7C /* Pods */ = {
			isa = PBXGroup;
			children = (
				356A0D3215462E95B2391C09 /* Pods-iPayBF.debug.xcconfig */,
				FC9DF41E382C5C9C8F6EAD8E /* Pods-iPayBF.release.xcconfig */,
				05917551265BD7B3EF27F269 /* Pods-iPayBF-iPayBFUITests.debug.xcconfig */,
				419FD2194259FFA7958A12E6 /* Pods-iPayBF-iPayBFUITests.release.xcconfig */,
				3F7E3EEBBF0528AC87D3C96B /* Pods-iPayBFTests.debug.xcconfig */,
				1AA3AE1741D069424B3445BC /* Pods-iPayBFTests.release.xcconfig */,
			);
			path = Pods;
			sourceTree = "<group>";
		};
		458AE33D3B868C898705504D /* Frameworks */ = {
			isa = PBXGroup;
			children = (
				02364E770C5666626C245400 /* Pods_iPayBF.framework */,
				89D8AAE3EB49F11B5E6D725A /* Pods_iPayBF_iPayBFUITests.framework */,
				590218A328A33BC3866DCEC8 /* Pods_iPayBFTests.framework */,
			);
			name = Frameworks;
			sourceTree = "<group>";
		};
		6588ED5826BC5F05002E32B9 = {
			isa = PBXGroup;
			children = (
				6588ED6326BC5F05002E32B9 /* iPayBF */,
				6588ED7A26BC5F0B002E32B9 /* iPayBFTests */,
				6588ED8526BC5F0B002E32B9 /* iPayBFUITests */,
				6588ED6226BC5F05002E32B9 /* Products */,
				1A6CCD55B382E5C01988ED7C /* Pods */,
				458AE33D3B868C898705504D /* Frameworks */,
			);
			sourceTree = "<group>";
		};
		6588ED6226BC5F05002E32B9 /* Products */ = {
			isa = PBXGroup;
			children = (
				6588ED6126BC5F05002E32B9 /* iPayBF.app */,
				6588ED7726BC5F0B002E32B9 /* iPayBFTests.xctest */,
				6588ED8226BC5F0B002E32B9 /* iPayBFUITests.xctest */,
			);
			name = Products;
			sourceTree = "<group>";
		};
		6588ED6326BC5F05002E32B9 /* iPayBF */ = {
			isa = PBXGroup;
			children = (
				658167A226C0D02900AC80B8 /* Alert.swift */,
				65AF7EDA26BFA33600C86764 /* Mock */,
				6588ED9A26BC609B002E32B9 /* View */,
				6588ED9926BC607B002E32B9 /* Controller */,
				6588ED9626BC5F9F002E32B9 /* Model */,
				6588ED6A26BC5F05002E32B9 /* Main.storyboard */,
				6588ED6426BC5F05002E32B9 /* AppDelegate.swift */,
				6588ED6626BC5F05002E32B9 /* SceneDelegate.swift */,
				6588ED6D26BC5F0A002E32B9 /* Assets.xcassets */,
				6588ED6F26BC5F0A002E32B9 /* LaunchScreen.storyboard */,
				6588ED7226BC5F0A002E32B9 /* Info.plist */,
			);
			path = iPayBF;
			sourceTree = "<group>";
		};
		6588ED7A26BC5F0B002E32B9 /* iPayBFTests */ = {
			isa = PBXGroup;
			children = (
				6588ED7B26BC5F0B002E32B9 /* iPayBFTests.swift */,
				6588ED7D26BC5F0B002E32B9 /* Info.plist */,
			);
			path = iPayBFTests;
			sourceTree = "<group>";
		};
		6588ED8526BC5F0B002E32B9 /* iPayBFUITests */ = {
			isa = PBXGroup;
			children = (
				6588ED8626BC5F0B002E32B9 /* iPayBFUITests.swift */,
				6588ED8826BC5F0B002E32B9 /* Info.plist */,
			);
			path = iPayBFUITests;
			sourceTree = "<group>";
		};
		6588ED9626BC5F9F002E32B9 /* Model */ = {
			isa = PBXGroup;
			children = (
				658167A826C0E66E00AC80B8 /* Account.swift */,
				65AF7EDF26BFA3D000C86764 /* Historico.swift */,
				6588ED9726BC5FC3002E32B9 /* User.swift */,
			);
			path = Model;
			sourceTree = "<group>";
		};
		6588ED9926BC607B002E32B9 /* Controller */ = {
			isa = PBXGroup;
			children = (
				6588EDA326BC96CB002E32B9 /* HomeController.swift */,
				65AF7EE126BFA62400C86764 /* HistoricoController.swift */,
				658167AC26C0EBCA00AC80B8 /* AccountController.swift */,
			);
			path = Controller;
			sourceTree = "<group>";
		};
		6588ED9A26BC609B002E32B9 /* View */ = {
			isa = PBXGroup;
			children = (
				6588ED6826BC5F05002E32B9 /* HomeVC.swift */,
				65AF7EE726BFAB0200C86764 /* HistoricoVC.swift */,
				658167AE26C0ECDD00AC80B8 /* AccountVC.swift */,
				6588ED9B26BC60CE002E32B9 /* CustomCells */,
			);
			path = View;
			sourceTree = "<group>";
		};
		6588ED9B26BC60CE002E32B9 /* CustomCells */ = {
			isa = PBXGroup;
			children = (
				658167A526C0E4F500AC80B8 /* accountCell.xib */,
				658167A426C0E4F500AC80B8 /* accountCell.swift */,
				65AF7EE926BFABC500C86764 /* historicoCell.swift */,
				65AF7EEA26BFABC500C86764 /* historicoCell.xib */,
				65F5EDAA26BE0A27002593DD /* userCell.swift */,
				6576402B26BF2C2D001C2A09 /* EmptyCell.swift */,
				6576402D26BF2C3A001C2A09 /* EmptyCell.xib */,
			);
			path = CustomCells;
			sourceTree = "<group>";
		};
		65AF7EDA26BFA33600C86764 /* Mock */ = {
			isa = PBXGroup;
			children = (
				65AF7EDB26BFA35100C86764 /* Historico.json */,
				65AF7EDD26BFA36200C86764 /* Account.json */,
			);
			path = Mock;
			sourceTree = "<group>";
		};
/* End PBXGroup section */

/* Begin PBXNativeTarget section */
		6588ED6026BC5F05002E32B9 /* iPayBF */ = {
			isa = PBXNativeTarget;
			buildConfigurationList = 6588ED8B26BC5F0B002E32B9 /* Build configuration list for PBXNativeTarget "iPayBF" */;
			buildPhases = (
				4763A837040E0E06083E62E2 /* [CP] Check Pods Manifest.lock */,
				6588ED5D26BC5F05002E32B9 /* Sources */,
				6588ED5E26BC5F05002E32B9 /* Frameworks */,
				6588ED5F26BC5F05002E32B9 /* Resources */,
				7DE60A39B04261781725F9CF /* [CP] Embed Pods Frameworks */,
			);
			buildRules = (
			);
			dependencies = (
			);
			name = iPayBF;
			productName = iPayBF;
			productReference = 6588ED6126BC5F05002E32B9 /* iPayBF.app */;
			productType = "com.apple.product-type.application";
		};
		6588ED7626BC5F0B002E32B9 /* iPayBFTests */ = {
			isa = PBXNativeTarget;
			buildConfigurationList = 6588ED8E26BC5F0B002E32B9 /* Build configuration list for PBXNativeTarget "iPayBFTests" */;
			buildPhases = (
				FB1975E51CB7BA5567764745 /* [CP] Check Pods Manifest.lock */,
				6588ED7326BC5F0B002E32B9 /* Sources */,
				6588ED7426BC5F0B002E32B9 /* Frameworks */,
				6588ED7526BC5F0B002E32B9 /* Resources */,
			);
			buildRules = (
			);
			dependencies = (
				6588ED7926BC5F0B002E32B9 /* PBXTargetDependency */,
			);
			name = iPayBFTests;
			productName = iPayBFTests;
			productReference = 6588ED7726BC5F0B002E32B9 /* iPayBFTests.xctest */;
			productType = "com.apple.product-type.bundle.unit-test";
		};
		6588ED8126BC5F0B002E32B9 /* iPayBFUITests */ = {
			isa = PBXNativeTarget;
			buildConfigurationList = 6588ED9126BC5F0B002E32B9 /* Build configuration list for PBXNativeTarget "iPayBFUITests" */;
			buildPhases = (
				02D13D04BCE8793C1ABF0315 /* [CP] Check Pods Manifest.lock */,
				6588ED7E26BC5F0B002E32B9 /* Sources */,
				6588ED7F26BC5F0B002E32B9 /* Frameworks */,
				6588ED8026BC5F0B002E32B9 /* Resources */,
				446E7FD3D41285B618F8D2DC /* [CP] Embed Pods Frameworks */,
			);
			buildRules = (
			);
			dependencies = (
				6588ED8426BC5F0B002E32B9 /* PBXTargetDependency */,
			);
			name = iPayBFUITests;
			productName = iPayBFUITests;
			productReference = 6588ED8226BC5F0B002E32B9 /* iPayBFUITests.xctest */;
			productType = "com.apple.product-type.bundle.ui-testing";
		};
/* End PBXNativeTarget section */

/* Begin PBXProject section */
		6588ED5926BC5F05002E32B9 /* Project object */ = {
			isa = PBXProject;
			attributes = {
				LastSwiftUpdateCheck = 1250;
				LastUpgradeCheck = 1250;
				TargetAttributes = {
					6588ED6026BC5F05002E32B9 = {
						CreatedOnToolsVersion = 12.5;
					};
					6588ED7626BC5F0B002E32B9 = {
						CreatedOnToolsVersion = 12.5;
						TestTargetID = 6588ED6026BC5F05002E32B9;
					};
					6588ED8126BC5F0B002E32B9 = {
						CreatedOnToolsVersion = 12.5;
						TestTargetID = 6588ED6026BC5F05002E32B9;
					};
				};
			};
			buildConfigurationList = 6588ED5C26BC5F05002E32B9 /* Build configuration list for PBXProject "iPayBF" */;
			compatibilityVersion = "Xcode 9.3";
			developmentRegion = en;
			hasScannedForEncodings = 0;
			knownRegions = (
				en,
				Base,
			);
			mainGroup = 6588ED5826BC5F05002E32B9;
			productRefGroup = 6588ED6226BC5F05002E32B9 /* Products */;
			projectDirPath = "";
			projectRoot = "";
			targets = (
				6588ED6026BC5F05002E32B9 /* iPayBF */,
				6588ED7626BC5F0B002E32B9 /* iPayBFTests */,
				6588ED8126BC5F0B002E32B9 /* iPayBFUITests */,
			);
		};
/* End PBXProject section */

/* Begin PBXResourcesBuildPhase section */
		6588ED5F26BC5F05002E32B9 /* Resources */ = {
			isa = PBXResourcesBuildPhase;
			buildActionMask = 2147483647;
			files = (
				6588ED7126BC5F0A002E32B9 /* LaunchScreen.storyboard in Resources */,
				65AF7EEC26BFABC500C86764 /* historicoCell.xib in Resources */,
				6576402E26BF2C3A001C2A09 /* EmptyCell.xib in Resources */,
				65AF7EDC26BFA35100C86764 /* Historico.json in Resources */,
				65AF7EDE26BFA36200C86764 /* Account.json in Resources */,
				658167A726C0E4F500AC80B8 /* accountCell.xib in Resources */,
				6588ED6E26BC5F0A002E32B9 /* Assets.xcassets in Resources */,
				6588ED6C26BC5F05002E32B9 /* Main.storyboard in Resources */,
			);
			runOnlyForDeploymentPostprocessing = 0;
		};
		6588ED7526BC5F0B002E32B9 /* Resources */ = {
			isa = PBXResourcesBuildPhase;
			buildActionMask = 2147483647;
			files = (
			);
			runOnlyForDeploymentPostprocessing = 0;
		};
		6588ED8026BC5F0B002E32B9 /* Resources */ = {
			isa = PBXResourcesBuildPhase;
			buildActionMask = 2147483647;
			files = (
			);
			runOnlyForDeploymentPostprocessing = 0;
		};
/* End PBXResourcesBuildPhase section */

/* Begin PBXShellScriptBuildPhase section */
		02D13D04BCE8793C1ABF0315 /* [CP] Check Pods Manifest.lock */ = {
			isa = PBXShellScriptBuildPhase;
			buildActionMask = 2147483647;
			files = (
			);
			inputFileListPaths = (
			);
			inputPaths = (
				"${PODS_PODFILE_DIR_PATH}/Podfile.lock",
				"${PODS_ROOT}/Manifest.lock",
			);
			name = "[CP] Check Pods Manifest.lock";
			outputFileListPaths = (
			);
			outputPaths = (
				"$(DERIVED_FILE_DIR)/Pods-iPayBF-iPayBFUITests-checkManifestLockResult.txt",
			);
			runOnlyForDeploymentPostprocessing = 0;
			shellPath = /bin/sh;
			shellScript = "diff \"${PODS_PODFILE_DIR_PATH}/Podfile.lock\" \"${PODS_ROOT}/Manifest.lock\" > /dev/null\nif [ $? != 0 ] ; then\n    # print error to STDERR\n    echo \"error: The sandbox is not in sync with the Podfile.lock. Run 'pod install' or update your CocoaPods installation.\" >&2\n    exit 1\nfi\n# This output is used by Xcode 'outputs' to avoid re-running this script phase.\necho \"SUCCESS\" > \"${SCRIPT_OUTPUT_FILE_0}\"\n";
			showEnvVarsInLog = 0;
		};
		446E7FD3D41285B618F8D2DC /* [CP] Embed Pods Frameworks */ = {
			isa = PBXShellScriptBuildPhase;
			buildActionMask = 2147483647;
			files = (
			);
			inputFileListPaths = (
				"${PODS_ROOT}/Target Support Files/Pods-iPayBF-iPayBFUITests/Pods-iPayBF-iPayBFUITests-frameworks-${CONFIGURATION}-input-files.xcfilelist",
			);
			name = "[CP] Embed Pods Frameworks";
			outputFileListPaths = (
				"${PODS_ROOT}/Target Support Files/Pods-iPayBF-iPayBFUITests/Pods-iPayBF-iPayBFUITests-frameworks-${CONFIGURATION}-output-files.xcfilelist",
			);
			runOnlyForDeploymentPostprocessing = 0;
			shellPath = /bin/sh;
			shellScript = "\"${PODS_ROOT}/Target Support Files/Pods-iPayBF-iPayBFUITests/Pods-iPayBF-iPayBFUITests-frameworks.sh\"\n";
			showEnvVarsInLog = 0;
		};
		4763A837040E0E06083E62E2 /* [CP] Check Pods Manifest.lock */ = {
			isa = PBXShellScriptBuildPhase;
			buildActionMask = 2147483647;
			files = (
			);
			inputFileListPaths = (
			);
			inputPaths = (
				"${PODS_PODFILE_DIR_PATH}/Podfile.lock",
				"${PODS_ROOT}/Manifest.lock",
			);
			name = "[CP] Check Pods Manifest.lock";
			outputFileListPaths = (
			);
			outputPaths = (
				"$(DERIVED_FILE_DIR)/Pods-iPayBF-checkManifestLockResult.txt",
			);
			runOnlyForDeploymentPostprocessing = 0;
			shellPath = /bin/sh;
			shellScript = "diff \"${PODS_PODFILE_DIR_PATH}/Podfile.lock\" \"${PODS_ROOT}/Manifest.lock\" > /dev/null\nif [ $? != 0 ] ; then\n    # print error to STDERR\n    echo \"error: The sandbox is not in sync with the Podfile.lock. Run 'pod install' or update your CocoaPods installation.\" >&2\n    exit 1\nfi\n# This output is used by Xcode 'outputs' to avoid re-running this script phase.\necho \"SUCCESS\" > \"${SCRIPT_OUTPUT_FILE_0}\"\n";
			showEnvVarsInLog = 0;
		};
		7DE60A39B04261781725F9CF /* [CP] Embed Pods Frameworks */ = {
			isa = PBXShellScriptBuildPhase;
			buildActionMask = 2147483647;
			files = (
			);
			inputFileListPaths = (
				"${PODS_ROOT}/Target Support Files/Pods-iPayBF/Pods-iPayBF-frameworks-${CONFIGURATION}-input-files.xcfilelist",
			);
			name = "[CP] Embed Pods Frameworks";
			outputFileListPaths = (
				"${PODS_ROOT}/Target Support Files/Pods-iPayBF/Pods-iPayBF-frameworks-${CONFIGURATION}-output-files.xcfilelist",
			);
			runOnlyForDeploymentPostprocessing = 0;
			shellPath = /bin/sh;
			shellScript = "\"${PODS_ROOT}/Target Support Files/Pods-iPayBF/Pods-iPayBF-frameworks.sh\"\n";
			showEnvVarsInLog = 0;
		};
		FB1975E51CB7BA5567764745 /* [CP] Check Pods Manifest.lock */ = {
			isa = PBXShellScriptBuildPhase;
			buildActionMask = 2147483647;
			files = (
			);
			inputFileListPaths = (
			);
			inputPaths = (
				"${PODS_PODFILE_DIR_PATH}/Podfile.lock",
				"${PODS_ROOT}/Manifest.lock",
			);
			name = "[CP] Check Pods Manifest.lock";
			outputFileListPaths = (
			);
			outputPaths = (
				"$(DERIVED_FILE_DIR)/Pods-iPayBFTests-checkManifestLockResult.txt",
			);
			runOnlyForDeploymentPostprocessing = 0;
			shellPath = /bin/sh;
			shellScript = "diff \"${PODS_PODFILE_DIR_PATH}/Podfile.lock\" \"${PODS_ROOT}/Manifest.lock\" > /dev/null\nif [ $? != 0 ] ; then\n    # print error to STDERR\n    echo \"error: The sandbox is not in sync with the Podfile.lock. Run 'pod install' or update your CocoaPods installation.\" >&2\n    exit 1\nfi\n# This output is used by Xcode 'outputs' to avoid re-running this script phase.\necho \"SUCCESS\" > \"${SCRIPT_OUTPUT_FILE_0}\"\n";
			showEnvVarsInLog = 0;
		};
/* End PBXShellScriptBuildPhase section */

/* Begin PBXSourcesBuildPhase section */
		6588ED5D26BC5F05002E32B9 /* Sources */ = {
			isa = PBXSourcesBuildPhase;
			buildActionMask = 2147483647;
			files = (
				6588ED9826BC5FC3002E32B9 /* User.swift in Sources */,
				6588ED6926BC5F05002E32B9 /* HomeVC.swift in Sources */,
				6588EDA426BC96CB002E32B9 /* HomeController.swift in Sources */,
				6576402C26BF2C2D001C2A09 /* EmptyCell.swift in Sources */,
				658167A626C0E4F500AC80B8 /* accountCell.swift in Sources */,
				6588ED6526BC5F05002E32B9 /* AppDelegate.swift in Sources */,
				658167AD26C0EBCA00AC80B8 /* AccountController.swift in Sources */,
				65AF7EE226BFA62400C86764 /* HistoricoController.swift in Sources */,
				658167A326C0D02900AC80B8 /* Alert.swift in Sources */,
				65F5EDAB26BE0A27002593DD /* userCell.swift in Sources */,
				65AF7EEB26BFABC500C86764 /* historicoCell.swift in Sources */,
				658167A926C0E66E00AC80B8 /* Account.swift in Sources */,
				65AF7EE826BFAB0200C86764 /* HistoricoVC.swift in Sources */,
				65AF7EE026BFA3D000C86764 /* Historico.swift in Sources */,
				658167AF26C0ECDD00AC80B8 /* AccountVC.swift in Sources */,
				6588ED6726BC5F05002E32B9 /* SceneDelegate.swift in Sources */,
			);
			runOnlyForDeploymentPostprocessing = 0;
		};
		6588ED7326BC5F0B002E32B9 /* Sources */ = {
			isa = PBXSourcesBuildPhase;
			buildActionMask = 2147483647;
			files = (
				6588ED7C26BC5F0B002E32B9 /* iPayBFTests.swift in Sources */,
			);
			runOnlyForDeploymentPostprocessing = 0;
		};
		6588ED7E26BC5F0B002E32B9 /* Sources */ = {
			isa = PBXSourcesBuildPhase;
			buildActionMask = 2147483647;
			files = (
				6588ED8726BC5F0B002E32B9 /* iPayBFUITests.swift in Sources */,
			);
			runOnlyForDeploymentPostprocessing = 0;
		};
/* End PBXSourcesBuildPhase section */

/* Begin PBXTargetDependency section */
		6588ED7926BC5F0B002E32B9 /* PBXTargetDependency */ = {
			isa = PBXTargetDependency;
			target = 6588ED6026BC5F05002E32B9 /* iPayBF */;
			targetProxy = 6588ED7826BC5F0B002E32B9 /* PBXContainerItemProxy */;
		};
		6588ED8426BC5F0B002E32B9 /* PBXTargetDependency */ = {
			isa = PBXTargetDependency;
			target = 6588ED6026BC5F05002E32B9 /* iPayBF */;
			targetProxy = 6588ED8326BC5F0B002E32B9 /* PBXContainerItemProxy */;
		};
/* End PBXTargetDependency section */

/* Begin PBXVariantGroup section */
		6588ED6A26BC5F05002E32B9 /* Main.storyboard */ = {
			isa = PBXVariantGroup;
			children = (
				6588ED6B26BC5F05002E32B9 /* Base */,
			);
			name = Main.storyboard;
			sourceTree = "<group>";
		};
		6588ED6F26BC5F0A002E32B9 /* LaunchScreen.storyboard */ = {
			isa = PBXVariantGroup;
			children = (
				6588ED7026BC5F0A002E32B9 /* Base */,
			);
			name = LaunchScreen.storyboard;
			sourceTree = "<group>";
		};
/* End PBXVariantGroup section */

/* Begin XCBuildConfiguration section */
		6588ED8926BC5F0B002E32B9 /* Debug */ = {
			isa = XCBuildConfiguration;
			buildSettings = {
				ALWAYS_SEARCH_USER_PATHS = NO;
				CLANG_ANALYZER_NONNULL = YES;
				CLANG_ANALYZER_NUMBER_OBJECT_CONVERSION = YES_AGGRESSIVE;
				CLANG_CXX_LANGUAGE_STANDARD = "gnu++14";
				CLANG_CXX_LIBRARY = "libc++";
				CLANG_ENABLE_MODULES = YES;
				CLANG_ENABLE_OBJC_ARC = YES;
				CLANG_ENABLE_OBJC_WEAK = YES;
				CLANG_WARN_BLOCK_CAPTURE_AUTORELEASING = YES;
				CLANG_WARN_BOOL_CONVERSION = YES;
				CLANG_WARN_COMMA = YES;
				CLANG_WARN_CONSTANT_CONVERSION = YES;
				CLANG_WARN_DEPRECATED_OBJC_IMPLEMENTATIONS = YES;
				CLANG_WARN_DIRECT_OBJC_ISA_USAGE = YES_ERROR;
				CLANG_WARN_DOCUMENTATION_COMMENTS = YES;
				CLANG_WARN_EMPTY_BODY = YES;
				CLANG_WARN_ENUM_CONVERSION = YES;
				CLANG_WARN_INFINITE_RECURSION = YES;
				CLANG_WARN_INT_CONVERSION = YES;
				CLANG_WARN_NON_LITERAL_NULL_CONVERSION = YES;
				CLANG_WARN_OBJC_IMPLICIT_RETAIN_SELF = YES;
				CLANG_WARN_OBJC_LITERAL_CONVERSION = YES;
				CLANG_WARN_OBJC_ROOT_CLASS = YES_ERROR;
				CLANG_WARN_QUOTED_INCLUDE_IN_FRAMEWORK_HEADER = YES;
				CLANG_WARN_RANGE_LOOP_ANALYSIS = YES;
				CLANG_WARN_STRICT_PROTOTYPES = YES;
				CLANG_WARN_SUSPICIOUS_MOVE = YES;
				CLANG_WARN_UNGUARDED_AVAILABILITY = YES_AGGRESSIVE;
				CLANG_WARN_UNREACHABLE_CODE = YES;
				CLANG_WARN__DUPLICATE_METHOD_MATCH = YES;
				COPY_PHASE_STRIP = NO;
				DEBUG_INFORMATION_FORMAT = dwarf;
				ENABLE_STRICT_OBJC_MSGSEND = YES;
				ENABLE_TESTABILITY = YES;
				GCC_C_LANGUAGE_STANDARD = gnu11;
				GCC_DYNAMIC_NO_PIC = NO;
				GCC_NO_COMMON_BLOCKS = YES;
				GCC_OPTIMIZATION_LEVEL = 0;
				GCC_PREPROCESSOR_DEFINITIONS = (
					"DEBUG=1",
					"$(inherited)",
				);
				GCC_WARN_64_TO_32_BIT_CONVERSION = YES;
				GCC_WARN_ABOUT_RETURN_TYPE = YES_ERROR;
				GCC_WARN_UNDECLARED_SELECTOR = YES;
				GCC_WARN_UNINITIALIZED_AUTOS = YES_AGGRESSIVE;
				GCC_WARN_UNUSED_FUNCTION = YES;
				GCC_WARN_UNUSED_VARIABLE = YES;
				IPHONEOS_DEPLOYMENT_TARGET = 14.5;
				MTL_ENABLE_DEBUG_INFO = INCLUDE_SOURCE;
				MTL_FAST_MATH = YES;
				ONLY_ACTIVE_ARCH = YES;
				SDKROOT = iphoneos;
				SWIFT_ACTIVE_COMPILATION_CONDITIONS = DEBUG;
				SWIFT_OPTIMIZATION_LEVEL = "-Onone";
			};
			name = Debug;
		};
		6588ED8A26BC5F0B002E32B9 /* Release */ = {
			isa = XCBuildConfiguration;
			buildSettings = {
				ALWAYS_SEARCH_USER_PATHS = NO;
				CLANG_ANALYZER_NONNULL = YES;
				CLANG_ANALYZER_NUMBER_OBJECT_CONVERSION = YES_AGGRESSIVE;
				CLANG_CXX_LANGUAGE_STANDARD = "gnu++14";
				CLANG_CXX_LIBRARY = "libc++";
				CLANG_ENABLE_MODULES = YES;
				CLANG_ENABLE_OBJC_ARC = YES;
				CLANG_ENABLE_OBJC_WEAK = YES;
				CLANG_WARN_BLOCK_CAPTURE_AUTORELEASING = YES;
				CLANG_WARN_BOOL_CONVERSION = YES;
				CLANG_WARN_COMMA = YES;
				CLANG_WARN_CONSTANT_CONVERSION = YES;
				CLANG_WARN_DEPRECATED_OBJC_IMPLEMENTATIONS = YES;
				CLANG_WARN_DIRECT_OBJC_ISA_USAGE = YES_ERROR;
				CLANG_WARN_DOCUMENTATION_COMMENTS = YES;
				CLANG_WARN_EMPTY_BODY = YES;
				CLANG_WARN_ENUM_CONVERSION = YES;
				CLANG_WARN_INFINITE_RECURSION = YES;
				CLANG_WARN_INT_CONVERSION = YES;
				CLANG_WARN_NON_LITERAL_NULL_CONVERSION = YES;
				CLANG_WARN_OBJC_IMPLICIT_RETAIN_SELF = YES;
				CLANG_WARN_OBJC_LITERAL_CONVERSION = YES;
				CLANG_WARN_OBJC_ROOT_CLASS = YES_ERROR;
				CLANG_WARN_QUOTED_INCLUDE_IN_FRAMEWORK_HEADER = YES;
				CLANG_WARN_RANGE_LOOP_ANALYSIS = YES;
				CLANG_WARN_STRICT_PROTOTYPES = YES;
				CLANG_WARN_SUSPICIOUS_MOVE = YES;
				CLANG_WARN_UNGUARDED_AVAILABILITY = YES_AGGRESSIVE;
				CLANG_WARN_UNREACHABLE_CODE = YES;
				CLANG_WARN__DUPLICATE_METHOD_MATCH = YES;
				COPY_PHASE_STRIP = NO;
				DEBUG_INFORMATION_FORMAT = "dwarf-with-dsym";
				ENABLE_NS_ASSERTIONS = NO;
				ENABLE_STRICT_OBJC_MSGSEND = YES;
				GCC_C_LANGUAGE_STANDARD = gnu11;
				GCC_NO_COMMON_BLOCKS = YES;
				GCC_WARN_64_TO_32_BIT_CONVERSION = YES;
				GCC_WARN_ABOUT_RETURN_TYPE = YES_ERROR;
				GCC_WARN_UNDECLARED_SELECTOR = YES;
				GCC_WARN_UNINITIALIZED_AUTOS = YES_AGGRESSIVE;
				GCC_WARN_UNUSED_FUNCTION = YES;
				GCC_WARN_UNUSED_VARIABLE = YES;
				IPHONEOS_DEPLOYMENT_TARGET = 14.5;
				MTL_ENABLE_DEBUG_INFO = NO;
				MTL_FAST_MATH = YES;
				SDKROOT = iphoneos;
				SWIFT_COMPILATION_MODE = wholemodule;
				SWIFT_OPTIMIZATION_LEVEL = "-O";
				VALIDATE_PRODUCT = YES;
			};
			name = Release;
		};
		6588ED8C26BC5F0B002E32B9 /* Debug */ = {
			isa = XCBuildConfiguration;
			baseConfigurationReference = 356A0D3215462E95B2391C09 /* Pods-iPayBF.debug.xcconfig */;
			buildSettings = {
				ASSETCATALOG_COMPILER_APPICON_NAME = AppIcon;
				ASSETCATALOG_COMPILER_GLOBAL_ACCENT_COLOR_NAME = AccentColor;
				CODE_SIGN_STYLE = Automatic;
				DEVELOPMENT_TEAM = Q85KHBHX5L;
				INFOPLIST_FILE = iPayBF/Info.plist;
				LD_RUNPATH_SEARCH_PATHS = (
					"$(inherited)",
					"@executable_path/Frameworks",
				);
				PRODUCT_BUNDLE_IDENTIFIER = cursoDigitalHouse.iPayBF;
				PRODUCT_NAME = "$(TARGET_NAME)";
				SWIFT_VERSION = 5.0;
				TARGETED_DEVICE_FAMILY = "1,2";
			};
			name = Debug;
		};
		6588ED8D26BC5F0B002E32B9 /* Release */ = {
			isa = XCBuildConfiguration;
			baseConfigurationReference = FC9DF41E382C5C9C8F6EAD8E /* Pods-iPayBF.release.xcconfig */;
			buildSettings = {
				ASSETCATALOG_COMPILER_APPICON_NAME = AppIcon;
				ASSETCATALOG_COMPILER_GLOBAL_ACCENT_COLOR_NAME = AccentColor;
				CODE_SIGN_STYLE = Automatic;
				DEVELOPMENT_TEAM = Q85KHBHX5L;
				INFOPLIST_FILE = iPayBF/Info.plist;
				LD_RUNPATH_SEARCH_PATHS = (
					"$(inherited)",
					"@executable_path/Frameworks",
				);
				PRODUCT_BUNDLE_IDENTIFIER = cursoDigitalHouse.iPayBF;
				PRODUCT_NAME = "$(TARGET_NAME)";
				SWIFT_VERSION = 5.0;
				TARGETED_DEVICE_FAMILY = "1,2";
			};
			name = Release;
		};
		6588ED8F26BC5F0B002E32B9 /* Debug */ = {
			isa = XCBuildConfiguration;
			baseConfigurationReference = 3F7E3EEBBF0528AC87D3C96B /* Pods-iPayBFTests.debug.xcconfig */;
			buildSettings = {
				ALWAYS_EMBED_SWIFT_STANDARD_LIBRARIES = YES;
				BUNDLE_LOADER = "$(TEST_HOST)";
				CODE_SIGN_STYLE = Automatic;
				DEVELOPMENT_TEAM = Q85KHBHX5L;
				INFOPLIST_FILE = iPayBFTests/Info.plist;
				IPHONEOS_DEPLOYMENT_TARGET = 14.5;
				LD_RUNPATH_SEARCH_PATHS = (
					"$(inherited)",
					"@executable_path/Frameworks",
					"@loader_path/Frameworks",
				);
				PRODUCT_BUNDLE_IDENTIFIER = cursoDigitalHouse.iPayBFTests;
				PRODUCT_NAME = "$(TARGET_NAME)";
				SWIFT_VERSION = 5.0;
				TARGETED_DEVICE_FAMILY = "1,2";
				TEST_HOST = "$(BUILT_PRODUCTS_DIR)/iPayBF.app/iPayBF";
			};
			name = Debug;
		};
		6588ED9026BC5F0B002E32B9 /* Release */ = {
			isa = XCBuildConfiguration;
			baseConfigurationReference = 1AA3AE1741D069424B3445BC /* Pods-iPayBFTests.release.xcconfig */;
			buildSettings = {
				ALWAYS_EMBED_SWIFT_STANDARD_LIBRARIES = YES;
				BUNDLE_LOADER = "$(TEST_HOST)";
				CODE_SIGN_STYLE = Automatic;
				DEVELOPMENT_TEAM = Q85KHBHX5L;
				INFOPLIST_FILE = iPayBFTests/Info.plist;
				IPHONEOS_DEPLOYMENT_TARGET = 14.5;
				LD_RUNPATH_SEARCH_PATHS = (
					"$(inherited)",
					"@executable_path/Frameworks",
					"@loader_path/Frameworks",
				);
				PRODUCT_BUNDLE_IDENTIFIER = cursoDigitalHouse.iPayBFTests;
				PRODUCT_NAME = "$(TARGET_NAME)";
				SWIFT_VERSION = 5.0;
				TARGETED_DEVICE_FAMILY = "1,2";
				TEST_HOST = "$(BUILT_PRODUCTS_DIR)/iPayBF.app/iPayBF";
			};
			name = Release;
		};
		6588ED9226BC5F0B002E32B9 /* Debug */ = {
			isa = XCBuildConfiguration;
			baseConfigurationReference = 05917551265BD7B3EF27F269 /* Pods-iPayBF-iPayBFUITests.debug.xcconfig */;
			buildSettings = {
				ALWAYS_EMBED_SWIFT_STANDARD_LIBRARIES = YES;
				CODE_SIGN_STYLE = Automatic;
				DEVELOPMENT_TEAM = Q85KHBHX5L;
				INFOPLIST_FILE = iPayBFUITests/Info.plist;
				LD_RUNPATH_SEARCH_PATHS = (
					"$(inherited)",
					"@executable_path/Frameworks",
					"@loader_path/Frameworks",
				);
				PRODUCT_BUNDLE_IDENTIFIER = cursoDigitalHouse.iPayBFUITests;
				PRODUCT_NAME = "$(TARGET_NAME)";
				SWIFT_VERSION = 5.0;
				TARGETED_DEVICE_FAMILY = "1,2";
				TEST_TARGET_NAME = iPayBF;
			};
			name = Debug;
		};
		6588ED9326BC5F0B002E32B9 /* Release */ = {
			isa = XCBuildConfiguration;
			baseConfigurationReference = 419FD2194259FFA7958A12E6 /* Pods-iPayBF-iPayBFUITests.release.xcconfig */;
			buildSettings = {
				ALWAYS_EMBED_SWIFT_STANDARD_LIBRARIES = YES;
				CODE_SIGN_STYLE = Automatic;
				DEVELOPMENT_TEAM = Q85KHBHX5L;
				INFOPLIST_FILE = iPayBFUITests/Info.plist;
				LD_RUNPATH_SEARCH_PATHS = (
					"$(inherited)",
					"@executable_path/Frameworks",
					"@loader_path/Frameworks",
				);
				PRODUCT_BUNDLE_IDENTIFIER = cursoDigitalHouse.iPayBFUITests;
				PRODUCT_NAME = "$(TARGET_NAME)";
				SWIFT_VERSION = 5.0;
				TARGETED_DEVICE_FAMILY = "1,2";
				TEST_TARGET_NAME = iPayBF;
			};
			name = Release;
		};
/* End XCBuildConfiguration section */

/* Begin XCConfigurationList section */
		6588ED5C26BC5F05002E32B9 /* Build configuration list for PBXProject "iPayBF" */ = {
			isa = XCConfigurationList;
			buildConfigurations = (
				6588ED8926BC5F0B002E32B9 /* Debug */,
				6588ED8A26BC5F0B002E32B9 /* Release */,
			);
			defaultConfigurationIsVisible = 0;
			defaultConfigurationName = Release;
		};
		6588ED8B26BC5F0B002E32B9 /* Build configuration list for PBXNativeTarget "iPayBF" */ = {
			isa = XCConfigurationList;
			buildConfigurations = (
				6588ED8C26BC5F0B002E32B9 /* Debug */,
				6588ED8D26BC5F0B002E32B9 /* Release */,
			);
			defaultConfigurationIsVisible = 0;
			defaultConfigurationName = Release;
		};
		6588ED8E26BC5F0B002E32B9 /* Build configuration list for PBXNativeTarget "iPayBFTests" */ = {
			isa = XCConfigurationList;
			buildConfigurations = (
				6588ED8F26BC5F0B002E32B9 /* Debug */,
				6588ED9026BC5F0B002E32B9 /* Release */,
			);
			defaultConfigurationIsVisible = 0;
			defaultConfigurationName = Release;
		};
		6588ED9126BC5F0B002E32B9 /* Build configuration list for PBXNativeTarget "iPayBFUITests" */ = {
			isa = XCConfigurationList;
			buildConfigurations = (
				6588ED9226BC5F0B002E32B9 /* Debug */,
				6588ED9326BC5F0B002E32B9 /* Release */,
			);
			defaultConfigurationIsVisible = 0;
			defaultConfigurationName = Release;
		};
/* End XCConfigurationList section */
	};
	rootObject = 6588ED5926BC5F05002E32B9 /* Project object */;
}
